// !$*UTF8*$!
{
	archiveVersion = 1;
	classes = {
	};
	objectVersion = 77;
	objects = {

/* Begin PBXBuildFile section */
		84117F382D06FEC70067E81E /* Preview Assets.xcassets in Resources */ = {isa = PBXBuildFile; fileRef = 84117F302D06FEC70067E81E /* Preview Assets.xcassets */; };
		84117F392D06FEC70067E81E /* Assets.xcassets in Resources */ = {isa = PBXBuildFile; fileRef = 84117F342D06FEC70067E81E /* Assets.xcassets */; };
		84117F3A2D06FEC70067E81E /* ContentView.swift in Sources */ = {isa = PBXBuildFile; fileRef = 84117F352D06FEC70067E81E /* ContentView.swift */; };
		84117F3B2D06FEC70067E81E /* MielApp.swift in Sources */ = {isa = PBXBuildFile; fileRef = 84117F362D06FEC70067E81E /* MielApp.swift */; };
		84117F3D2D06FFB10067E81E /* TabBarView.swift in Sources */ = {isa = PBXBuildFile; fileRef = 84117F3C2D06FFB10067E81E /* TabBarView.swift */; };
		84117F3F2D07004C0067E81E /* HomeView.swift in Sources */ = {isa = PBXBuildFile; fileRef = 84117F3E2D07004C0067E81E /* HomeView.swift */; };
		84117F422D07009F0067E81E /* ShowcaseView.swift in Sources */ = {isa = PBXBuildFile; fileRef = 84117F412D07009F0067E81E /* ShowcaseView.swift */; };
		84117F442D0700D00067E81E /* FavoritesView.swift in Sources */ = {isa = PBXBuildFile; fileRef = 84117F432D0700D00067E81E /* FavoritesView.swift */; };
		84117F462D07011A0067E81E /* OfficeView.swift in Sources */ = {isa = PBXBuildFile; fileRef = 84117F452D07011A0067E81E /* OfficeView.swift */; };
		84117F562D070F8E0067E81E /* MassegeView.swift in Sources */ = {isa = PBXBuildFile; fileRef = 84117F552D070F8E0067E81E /* MassegeView.swift */; };
		84117F582D0728F00067E81E /* Tab.swift in Sources */ = {isa = PBXBuildFile; fileRef = 84117F572D0728F00067E81E /* Tab.swift */; };
		84117F6F2D078F7B0067E81E /* CalendarView.swift in Sources */ = {isa = PBXBuildFile; fileRef = 84117F6D2D078F7B0067E81E /* CalendarView.swift */; };
		84117F712D078F9A0067E81E /* KvotView.swift in Sources */ = {isa = PBXBuildFile; fileRef = 84117F702D078F9A0067E81E /* KvotView.swift */; };
		84117F732D0794670067E81E /* CandidateCard .swift in Sources */ = {isa = PBXBuildFile; fileRef = 84117F722D0794670067E81E /* CandidateCard .swift */; };
		84117F752D079BD30067E81E /* Education.swift in Sources */ = {isa = PBXBuildFile; fileRef = 84117F742D079BD30067E81E /* Education.swift */; };
/* End PBXBuildFile section */

/* Begin PBXFileReference section */
		84117F032D06FE570067E81E /* Miel.app */ = {isa = PBXFileReference; explicitFileType = wrapper.application; includeInIndex = 0; path = Miel.app; sourceTree = BUILT_PRODUCTS_DIR; };
		84117F302D06FEC70067E81E /* Preview Assets.xcassets */ = {isa = PBXFileReference; lastKnownFileType = folder.assetcatalog; path = "Preview Assets.xcassets"; sourceTree = "<group>"; };
		84117F342D06FEC70067E81E /* Assets.xcassets */ = {isa = PBXFileReference; lastKnownFileType = folder.assetcatalog; path = Assets.xcassets; sourceTree = "<group>"; };
		84117F352D06FEC70067E81E /* ContentView.swift */ = {isa = PBXFileReference; lastKnownFileType = sourcecode.swift; path = ContentView.swift; sourceTree = "<group>"; };
		84117F362D06FEC70067E81E /* MielApp.swift */ = {isa = PBXFileReference; lastKnownFileType = sourcecode.swift; path = MielApp.swift; sourceTree = "<group>"; };
		84117F3C2D06FFB10067E81E /* TabBarView.swift */ = {isa = PBXFileReference; lastKnownFileType = sourcecode.swift; path = TabBarView.swift; sourceTree = "<group>"; };
		84117F3E2D07004C0067E81E /* HomeView.swift */ = {isa = PBXFileReference; lastKnownFileType = sourcecode.swift; path = HomeView.swift; sourceTree = "<group>"; };
		84117F412D07009F0067E81E /* ShowcaseView.swift */ = {isa = PBXFileReference; lastKnownFileType = sourcecode.swift; path = ShowcaseView.swift; sourceTree = "<group>"; };
		84117F432D0700D00067E81E /* FavoritesView.swift */ = {isa = PBXFileReference; lastKnownFileType = sourcecode.swift; path = FavoritesView.swift; sourceTree = "<group>"; };
		84117F452D07011A0067E81E /* OfficeView.swift */ = {isa = PBXFileReference; lastKnownFileType = sourcecode.swift; path = OfficeView.swift; sourceTree = "<group>"; };
		84117F552D070F8E0067E81E /* MassegeView.swift */ = {isa = PBXFileReference; lastKnownFileType = sourcecode.swift; path = MassegeView.swift; sourceTree = "<group>"; };
		84117F572D0728F00067E81E /* Tab.swift */ = {isa = PBXFileReference; lastKnownFileType = sourcecode.swift; path = Tab.swift; sourceTree = "<group>"; };
		84117F6D2D078F7B0067E81E /* CalendarView.swift */ = {isa = PBXFileReference; lastKnownFileType = sourcecode.swift; path = CalendarView.swift; sourceTree = "<group>"; };
		84117F702D078F9A0067E81E /* KvotView.swift */ = {isa = PBXFileReference; lastKnownFileType = sourcecode.swift; path = KvotView.swift; sourceTree = "<group>"; };
		84117F722D0794670067E81E /* CandidateCard .swift */ = {isa = PBXFileReference; lastKnownFileType = sourcecode.swift; path = "CandidateCard .swift"; sourceTree = "<group>"; };
		84117F742D079BD30067E81E /* Education.swift */ = {isa = PBXFileReference; lastKnownFileType = sourcecode.swift; path = Education.swift; sourceTree = "<group>"; };
/* End PBXFileReference section */

/* Begin PBXFileSystemSynchronizedRootGroup section */
		84117F5B2D0740B80067E81E /* Helpers */ = {
			isa = PBXFileSystemSynchronizedRootGroup;
			path = Helpers;
			sourceTree = "<group>";
		};
/* End PBXFileSystemSynchronizedRootGroup section */

/* Begin PBXFrameworksBuildPhase section */
		84117F002D06FE570067E81E /* Frameworks */ = {
			isa = PBXFrameworksBuildPhase;
			buildActionMask = 2147483647;
			files = (
			);
			runOnlyForDeploymentPostprocessing = 0;
		};
/* End PBXFrameworksBuildPhase section */

/* Begin PBXGroup section */
		84117EFA2D06FE570067E81E = {
			isa = PBXGroup;
			children = (
				84117F372D06FEC70067E81E /* Miel */,
				84117F042D06FE570067E81E /* Products */,
			);
			sourceTree = "<group>";
		};
		84117F042D06FE570067E81E /* Products */ = {
			isa = PBXGroup;
			children = (
				84117F032D06FE570067E81E /* Miel.app */,
			);
			name = Products;
			sourceTree = "<group>";
		};
		84117F2F2D06FEC70067E81E /* Model */ = {
			isa = PBXGroup;
			children = (
				84117F572D0728F00067E81E /* Tab.swift */,
				84117F742D079BD30067E81E /* Education.swift */,
			);
			path = Model;
			sourceTree = "<group>";
		};
		84117F312D06FEC70067E81E /* Preview Content */ = {
			isa = PBXGroup;
			children = (
				84117F302D06FEC70067E81E /* Preview Assets.xcassets */,
			);
			path = "Preview Content";
			sourceTree = "<group>";
		};
		84117F322D06FEC70067E81E /* View */ = {
			isa = PBXGroup;
			children = (
				84117F6E2D078F7B0067E81E /* Components */,
				84117F352D06FEC70067E81E /* ContentView.swift */,
				84117F3C2D06FFB10067E81E /* TabBarView.swift */,
				84117F3E2D07004C0067E81E /* HomeView.swift */,
				84117F412D07009F0067E81E /* ShowcaseView.swift */,
				84117F432D0700D00067E81E /* FavoritesView.swift */,
				84117F452D07011A0067E81E /* OfficeView.swift */,
				84117F552D070F8E0067E81E /* MassegeView.swift */,
			);
			path = View;
			sourceTree = "<group>";
		};
		84117F332D06FEC70067E81E /* ViewModel */ = {
			isa = PBXGroup;
			children = (
			);
			path = ViewModel;
			sourceTree = "<group>";
		};
		84117F372D06FEC70067E81E /* Miel */ = {
			isa = PBXGroup;
			children = (
				84117F362D06FEC70067E81E /* MielApp.swift */,
				84117F342D06FEC70067E81E /* Assets.xcassets */,
				84117F312D06FEC70067E81E /* Preview Content */,
				84117F5B2D0740B80067E81E /* Helpers */,
				84117F2F2D06FEC70067E81E /* Model */,
				84117F322D06FEC70067E81E /* View */,
				84117F332D06FEC70067E81E /* ViewModel */,
			);
			path = Miel;
			sourceTree = "<group>";
		};
		84117F6E2D078F7B0067E81E /* Components */ = {
			isa = PBXGroup;
			children = (
				84117F6D2D078F7B0067E81E /* CalendarView.swift */,
				84117F702D078F9A0067E81E /* KvotView.swift */,
				84117F722D0794670067E81E /* CandidateCard .swift */,
			);
			path = Components;
			sourceTree = "<group>";
		};
/* End PBXGroup section */

/* Begin PBXNativeTarget section */
		84117F022D06FE570067E81E /* Miel */ = {
			isa = PBXNativeTarget;
			buildConfigurationList = 84117F112D06FE580067E81E /* Build configuration list for PBXNativeTarget "Miel" */;
			buildPhases = (
				84117EFF2D06FE570067E81E /* Sources */,
				84117F002D06FE570067E81E /* Frameworks */,
				84117F012D06FE570067E81E /* Resources */,
			);
			buildRules = (
			);
			dependencies = (
			);
			fileSystemSynchronizedGroups = (
				84117F5B2D0740B80067E81E /* Helpers */,
			);
			name = Miel;
			packageProductDependencies = (
			);
			productName = Miel;
			productReference = 84117F032D06FE570067E81E /* Miel.app */;
			productType = "com.apple.product-type.application";
		};
/* End PBXNativeTarget section */

/* Begin PBXProject section */
		84117EFB2D06FE570067E81E /* Project object */ = {
			isa = PBXProject;
			attributes = {
				BuildIndependentTargetsInParallel = 1;
				LastSwiftUpdateCheck = 1600;
				LastUpgradeCheck = 1600;
				TargetAttributes = {
					84117F022D06FE570067E81E = {
						CreatedOnToolsVersion = 16.0;
					};
				};
			};
			buildConfigurationList = 84117EFE2D06FE570067E81E /* Build configuration list for PBXProject "Miel" */;
			developmentRegion = en;
			hasScannedForEncodings = 0;
			knownRegions = (
				en,
				Base,
			);
			mainGroup = 84117EFA2D06FE570067E81E;
			minimizedProjectReferenceProxies = 1;
			preferredProjectObjectVersion = 77;
			productRefGroup = 84117F042D06FE570067E81E /* Products */;
			projectDirPath = "";
			projectRoot = "";
			targets = (
				84117F022D06FE570067E81E /* Miel */,
			);
		};
/* End PBXProject section */

/* Begin PBXResourcesBuildPhase section */
		84117F012D06FE570067E81E /* Resources */ = {
			isa = PBXResourcesBuildPhase;
			buildActionMask = 2147483647;
			files = (
				84117F382D06FEC70067E81E /* Preview Assets.xcassets in Resources */,
				84117F392D06FEC70067E81E /* Assets.xcassets in Resources */,
			);
			runOnlyForDeploymentPostprocessing = 0;
		};
/* End PBXResourcesBuildPhase section */

/* Begin PBXSourcesBuildPhase section */
		84117EFF2D06FE570067E81E /* Sources */ = {
			isa = PBXSourcesBuildPhase;
			buildActionMask = 2147483647;
			files = (
				84117F3A2D06FEC70067E81E /* ContentView.swift in Sources */,
				84117F3F2D07004C0067E81E /* HomeView.swift in Sources */,
				84117F712D078F9A0067E81E /* KvotView.swift in Sources */,
				84117F732D0794670067E81E /* CandidateCard .swift in Sources */,
				84117F462D07011A0067E81E /* OfficeView.swift in Sources */,
				84117F442D0700D00067E81E /* FavoritesView.swift in Sources */,
				84117F752D079BD30067E81E /* Education.swift in Sources */,
				84117F562D070F8E0067E81E /* MassegeView.swift in Sources */,
				84117F6F2D078F7B0067E81E /* CalendarView.swift in Sources */,
				84117F3D2D06FFB10067E81E /* TabBarView.swift in Sources */,
				84117F582D0728F00067E81E /* Tab.swift in Sources */,
				84117F422D07009F0067E81E /* ShowcaseView.swift in Sources */,
				84117F3B2D06FEC70067E81E /* MielApp.swift in Sources */,
			);
			runOnlyForDeploymentPostprocessing = 0;
		};
/* End PBXSourcesBuildPhase section */

/* Begin XCBuildConfiguration section */
		84117F0F2D06FE580067E81E /* Debug */ = {
			isa = XCBuildConfiguration;
			buildSettings = {
				ALWAYS_SEARCH_USER_PATHS = NO;
				ASSETCATALOG_COMPILER_GENERATE_SWIFT_ASSET_SYMBOL_EXTENSIONS = YES;
				CLANG_ANALYZER_NONNULL = YES;
				CLANG_ANALYZER_NUMBER_OBJECT_CONVERSION = YES_AGGRESSIVE;
				CLANG_CXX_LANGUAGE_STANDARD = "gnu++20";
				CLANG_ENABLE_MODULES = YES;
				CLANG_ENABLE_OBJC_ARC = YES;
				CLANG_ENABLE_OBJC_WEAK = YES;
				CLANG_WARN_BLOCK_CAPTURE_AUTORELEASING = YES;
				CLANG_WARN_BOOL_CONVERSION = YES;
				CLANG_WARN_COMMA = YES;
				CLANG_WARN_CONSTANT_CONVERSION = YES;
				CLANG_WARN_DEPRECATED_OBJC_IMPLEMENTATIONS = YES;
				CLANG_WARN_DIRECT_OBJC_ISA_USAGE = YES_ERROR;
				CLANG_WARN_DOCUMENTATION_COMMENTS = YES;
				CLANG_WARN_EMPTY_BODY = YES;
				CLANG_WARN_ENUM_CONVERSION = YES;
				CLANG_WARN_INFINITE_RECURSION = YES;
				CLANG_WARN_INT_CONVERSION = YES;
				CLANG_WARN_NON_LITERAL_NULL_CONVERSION = YES;
				CLANG_WARN_OBJC_IMPLICIT_RETAIN_SELF = YES;
				CLANG_WARN_OBJC_LITERAL_CONVERSION = YES;
				CLANG_WARN_OBJC_ROOT_CLASS = YES_ERROR;
				CLANG_WARN_QUOTED_INCLUDE_IN_FRAMEWORK_HEADER = YES;
				CLANG_WARN_RANGE_LOOP_ANALYSIS = YES;
				CLANG_WARN_STRICT_PROTOTYPES = YES;
				CLANG_WARN_SUSPICIOUS_MOVE = YES;
				CLANG_WARN_UNGUARDED_AVAILABILITY = YES_AGGRESSIVE;
				CLANG_WARN_UNREACHABLE_CODE = YES;
				CLANG_WARN__DUPLICATE_METHOD_MATCH = YES;
				COPY_PHASE_STRIP = NO;
				DEBUG_INFORMATION_FORMAT = dwarf;
				ENABLE_STRICT_OBJC_MSGSEND = YES;
				ENABLE_TESTABILITY = YES;
				ENABLE_USER_SCRIPT_SANDBOXING = YES;
				GCC_C_LANGUAGE_STANDARD = gnu17;
				GCC_DYNAMIC_NO_PIC = NO;
				GCC_NO_COMMON_BLOCKS = YES;
				GCC_OPTIMIZATION_LEVEL = 0;
				GCC_PREPROCESSOR_DEFINITIONS = (
					"DEBUG=1",
					"$(inherited)",
				);
				GCC_WARN_64_TO_32_BIT_CONVERSION = YES;
				GCC_WARN_ABOUT_RETURN_TYPE = YES_ERROR;
				GCC_WARN_UNDECLARED_SELECTOR = YES;
				GCC_WARN_UNINITIALIZED_AUTOS = YES_AGGRESSIVE;
				GCC_WARN_UNUSED_FUNCTION = YES;
				GCC_WARN_UNUSED_VARIABLE = YES;
				IPHONEOS_DEPLOYMENT_TARGET = 18.0;
				LOCALIZATION_PREFERS_STRING_CATALOGS = YES;
				MTL_ENABLE_DEBUG_INFO = INCLUDE_SOURCE;
				MTL_FAST_MATH = YES;
				ONLY_ACTIVE_ARCH = YES;
				SDKROOT = iphoneos;
				SWIFT_ACTIVE_COMPILATION_CONDITIONS = "DEBUG $(inherited)";
				SWIFT_OPTIMIZATION_LEVEL = "-Onone";
			};
			name = Debug;
		};
		84117F102D06FE580067E81E /* Release */ = {
			isa = XCBuildConfiguration;
			buildSettings = {
				ALWAYS_SEARCH_USER_PATHS = NO;
				ASSETCATALOG_COMPILER_GENERATE_SWIFT_ASSET_SYMBOL_EXTENSIONS = YES;
				CLANG_ANALYZER_NONNULL = YES;
				CLANG_ANALYZER_NUMBER_OBJECT_CONVERSION = YES_AGGRESSIVE;
				CLANG_CXX_LANGUAGE_STANDARD = "gnu++20";
				CLANG_ENABLE_MODULES = YES;
				CLANG_ENABLE_OBJC_ARC = YES;
				CLANG_ENABLE_OBJC_WEAK = YES;
				CLANG_WARN_BLOCK_CAPTURE_AUTORELEASING = YES;
				CLANG_WARN_BOOL_CONVERSION = YES;
				CLANG_WARN_COMMA = YES;
				CLANG_WARN_CONSTANT_CONVERSION = YES;
				CLANG_WARN_DEPRECATED_OBJC_IMPLEMENTATIONS = YES;
				CLANG_WARN_DIRECT_OBJC_ISA_USAGE = YES_ERROR;
				CLANG_WARN_DOCUMENTATION_COMMENTS = YES;
				CLANG_WARN_EMPTY_BODY = YES;
				CLANG_WARN_ENUM_CONVERSION = YES;
				CLANG_WARN_INFINITE_RECURSION = YES;
				CLANG_WARN_INT_CONVERSION = YES;
				CLANG_WARN_NON_LITERAL_NULL_CONVERSION = YES;
				CLANG_WARN_OBJC_IMPLICIT_RETAIN_SELF = YES;
				CLANG_WARN_OBJC_LITERAL_CONVERSION = YES;
				CLANG_WARN_OBJC_ROOT_CLASS = YES_ERROR;
				CLANG_WARN_QUOTED_INCLUDE_IN_FRAMEWORK_HEADER = YES;
				CLANG_WARN_RANGE_LOOP_ANALYSIS = YES;
				CLANG_WARN_STRICT_PROTOTYPES = YES;
				CLANG_WARN_SUSPICIOUS_MOVE = YES;
				CLANG_WARN_UNGUARDED_AVAILABILITY = YES_AGGRESSIVE;
				CLANG_WARN_UNREACHABLE_CODE = YES;
				CLANG_WARN__DUPLICATE_METHOD_MATCH = YES;
				COPY_PHASE_STRIP = NO;
				DEBUG_INFORMATION_FORMAT = "dwarf-with-dsym";
				ENABLE_NS_ASSERTIONS = NO;
				ENABLE_STRICT_OBJC_MSGSEND = YES;
				ENABLE_USER_SCRIPT_SANDBOXING = YES;
				GCC_C_LANGUAGE_STANDARD = gnu17;
				GCC_NO_COMMON_BLOCKS = YES;
				GCC_WARN_64_TO_32_BIT_CONVERSION = YES;
				GCC_WARN_ABOUT_RETURN_TYPE = YES_ERROR;
				GCC_WARN_UNDECLARED_SELECTOR = YES;
				GCC_WARN_UNINITIALIZED_AUTOS = YES_AGGRESSIVE;
				GCC_WARN_UNUSED_FUNCTION = YES;
				GCC_WARN_UNUSED_VARIABLE = YES;
				IPHONEOS_DEPLOYMENT_TARGET = 18.0;
				LOCALIZATION_PREFERS_STRING_CATALOGS = YES;
				MTL_ENABLE_DEBUG_INFO = NO;
				MTL_FAST_MATH = YES;
				SDKROOT = iphoneos;
				SWIFT_COMPILATION_MODE = wholemodule;
				VALIDATE_PRODUCT = YES;
			};
			name = Release;
		};
		84117F122D06FE580067E81E /* Debug */ = {
			isa = XCBuildConfiguration;
			buildSettings = {
				ASSETCATALOG_COMPILER_APPICON_NAME = AppIcon;
				ASSETCATALOG_COMPILER_GLOBAL_ACCENT_COLOR_NAME = AccentColor;
				CODE_SIGN_STYLE = Automatic;
				CURRENT_PROJECT_VERSION = 1;
				DEVELOPMENT_ASSET_PATHS = "\"Miel/Preview Content\"";
				DEVELOPMENT_TEAM = CN66MVDHVX;
				ENABLE_PREVIEWS = YES;
				GENERATE_INFOPLIST_FILE = YES;
				INFOPLIST_KEY_UIApplicationSceneManifest_Generation = YES;
				INFOPLIST_KEY_UIApplicationSupportsIndirectInputEvents = YES;
				INFOPLIST_KEY_UILaunchScreen_Generation = YES;
				INFOPLIST_KEY_UISupportedInterfaceOrientations_iPad = "UIInterfaceOrientationPortrait UIInterfaceOrientationPortraitUpsideDown UIInterfaceOrientationLandscapeLeft UIInterfaceOrientationLandscapeRight";
				INFOPLIST_KEY_UISupportedInterfaceOrientations_iPhone = "UIInterfaceOrientationPortrait UIInterfaceOrientationLandscapeLeft UIInterfaceOrientationLandscapeRight";
				LD_RUNPATH_SEARCH_PATHS = (
					"$(inherited)",
					"@executable_path/Frameworks",
				);
				MARKETING_VERSION = 1.0;
				PRODUCT_BUNDLE_IDENTIFIER = alex.com.Miel;
				PRODUCT_NAME = "$(TARGET_NAME)";
				SWIFT_EMIT_LOC_STRINGS = YES;
				SWIFT_VERSION = 5.0;
				TARGETED_DEVICE_FAMILY = "1,2";
			};
			name = Debug;
		};
		84117F132D06FE580067E81E /* Release */ = {
			isa = XCBuildConfiguration;
			buildSettings = {
				ASSETCATALOG_COMPILER_APPICON_NAME = AppIcon;
				ASSETCATALOG_COMPILER_GLOBAL_ACCENT_COLOR_NAME = AccentColor;
				CODE_SIGN_STYLE = Automatic;
				CURRENT_PROJECT_VERSION = 1;
				DEVELOPMENT_ASSET_PATHS = "\"Miel/Preview Content\"";
				DEVELOPMENT_TEAM = CN66MVDHVX;
				ENABLE_PREVIEWS = YES;
				GENERATE_INFOPLIST_FILE = YES;
				INFOPLIST_KEY_UIApplicationSceneManifest_Generation = YES;
				INFOPLIST_KEY_UIApplicationSupportsIndirectInputEvents = YES;
				INFOPLIST_KEY_UILaunchScreen_Generation = YES;
				INFOPLIST_KEY_UISupportedInterfaceOrientations_iPad = "UIInterfaceOrientationPortrait UIInterfaceOrientationPortraitUpsideDown UIInterfaceOrientationLandscapeLeft UIInterfaceOrientationLandscapeRight";
				INFOPLIST_KEY_UISupportedInterfaceOrientations_iPhone = "UIInterfaceOrientationPortrait UIInterfaceOrientationLandscapeLeft UIInterfaceOrientationLandscapeRight";
				LD_RUNPATH_SEARCH_PATHS = (
					"$(inherited)",
					"@executable_path/Frameworks",
				);
				MARKETING_VERSION = 1.0;
				PRODUCT_BUNDLE_IDENTIFIER = alex.com.Miel;
				PRODUCT_NAME = "$(TARGET_NAME)";
				SWIFT_EMIT_LOC_STRINGS = YES;
				SWIFT_VERSION = 5.0;
				TARGETED_DEVICE_FAMILY = "1,2";
			};
			name = Release;
		};
/* End XCBuildConfiguration section */

/* Begin XCConfigurationList section */
		84117EFE2D06FE570067E81E /* Build configuration list for PBXProject "Miel" */ = {
			isa = XCConfigurationList;
			buildConfigurations = (
				84117F0F2D06FE580067E81E /* Debug */,
				84117F102D06FE580067E81E /* Release */,
			);
			defaultConfigurationIsVisible = 0;
			defaultConfigurationName = Release;
		};
		84117F112D06FE580067E81E /* Build configuration list for PBXNativeTarget "Miel" */ = {
			isa = XCConfigurationList;
			buildConfigurations = (
				84117F122D06FE580067E81E /* Debug */,
				84117F132D06FE580067E81E /* Release */,
			);
			defaultConfigurationIsVisible = 0;
			defaultConfigurationName = Release;
		};
/* End XCConfigurationList section */
	};
	rootObject = 84117EFB2D06FE570067E81E /* Project object */;
}
